// !$*UTF8*$!
{
	archiveVersion = 1;
	classes = {
	};
	objectVersion = 50;
	objects = {

/* Begin PBXBuildFile section */
		00D77E6175D5CF704A6E1980 /* Pods_iRumi.framework in Frameworks */ = {isa = PBXBuildFile; fileRef = BE5786A1975F96A6E1A60BDC /* Pods_iRumi.framework */; };
		F034B30522C030480044951F /* AppDelegate.swift in Sources */ = {isa = PBXBuildFile; fileRef = F034B30422C030480044951F /* AppDelegate.swift */; };
		F034B30722C030480044951F /* ViewController.swift in Sources */ = {isa = PBXBuildFile; fileRef = F034B30622C030480044951F /* ViewController.swift */; };
		F034B30A22C030480044951F /* Main.storyboard in Resources */ = {isa = PBXBuildFile; fileRef = F034B30822C030480044951F /* Main.storyboard */; };
		F034B30C22C030490044951F /* Assets.xcassets in Resources */ = {isa = PBXBuildFile; fileRef = F034B30B22C030490044951F /* Assets.xcassets */; };
		F034B30F22C030490044951F /* LaunchScreen.storyboard in Resources */ = {isa = PBXBuildFile; fileRef = F034B30D22C030490044951F /* LaunchScreen.storyboard */; };
		F034B31D22C03E300044951F /* Roomer.storyboard in Resources */ = {isa = PBXBuildFile; fileRef = F034B31C22C03E300044951F /* Roomer.storyboard */; };
		F034B31F22C03E630044951F /* Owner.storyboard in Resources */ = {isa = PBXBuildFile; fileRef = F034B31E22C03E630044951F /* Owner.storyboard */; };
		F03F939322C3EDDE0084BFD2 /* GenericPicker.swift in Sources */ = {isa = PBXBuildFile; fileRef = F03F939222C3EDDE0084BFD2 /* GenericPicker.swift */; };
		F03F939722C3EF370084BFD2 /* SignUpViewController.swift in Sources */ = {isa = PBXBuildFile; fileRef = F03F939622C3EF370084BFD2 /* SignUpViewController.swift */; };
		F03F939922C3EF660084BFD2 /* ChooseRoleViewController.swift in Sources */ = {isa = PBXBuildFile; fileRef = F03F939822C3EF660084BFD2 /* ChooseRoleViewController.swift */; };
		F03F939C22C451910084BFD2 /* AccountApi.swift in Sources */ = {isa = PBXBuildFile; fileRef = F03F939B22C451910084BFD2 /* AccountApi.swift */; };
		F03F93A022C453880084BFD2 /* LoginRequest.swift in Sources */ = {isa = PBXBuildFile; fileRef = F03F939F22C453880084BFD2 /* LoginRequest.swift */; };
		F03F93A222C453BE0084BFD2 /* RegisterRequest.swift in Sources */ = {isa = PBXBuildFile; fileRef = F03F93A122C453BE0084BFD2 /* RegisterRequest.swift */; };
		F03F93A422C453FE0084BFD2 /* LoginResponse.swift in Sources */ = {isa = PBXBuildFile; fileRef = F03F93A322C453FE0084BFD2 /* LoginResponse.swift */; };
		F03F93A622C454860084BFD2 /* Profile.swift in Sources */ = {isa = PBXBuildFile; fileRef = F03F93A522C454860084BFD2 /* Profile.swift */; };
		F03F93A822C454CD0084BFD2 /* RegisterResponse.swift in Sources */ = {isa = PBXBuildFile; fileRef = F03F93A722C454CD0084BFD2 /* RegisterResponse.swift */; };
		F03F93AC22C4583B0084BFD2 /* TabBarOwnerViewController.swift in Sources */ = {isa = PBXBuildFile; fileRef = F03F93AB22C4583B0084BFD2 /* TabBarOwnerViewController.swift */; };
		F03F93AE22C4584F0084BFD2 /* TabBarRoomerViewController.swift in Sources */ = {isa = PBXBuildFile; fileRef = F03F93AD22C4584F0084BFD2 /* TabBarRoomerViewController.swift */; };
		F03F93B022C464CD0084BFD2 /* DefaultKeys.swift in Sources */ = {isa = PBXBuildFile; fileRef = F03F93AF22C464CD0084BFD2 /* DefaultKeys.swift */; };
		F03F93B222C466250084BFD2 /* GroupsOwnerViewController.swift in Sources */ = {isa = PBXBuildFile; fileRef = F03F93B122C466250084BFD2 /* GroupsOwnerViewController.swift */; };
		F03F93B422C467780084BFD2 /* GroupsCollectionViewCell.swift in Sources */ = {isa = PBXBuildFile; fileRef = F03F93B322C467780084BFD2 /* GroupsCollectionViewCell.swift */; };
		F03F93B622C46C3D0084BFD2 /* GroupApi.swift in Sources */ = {isa = PBXBuildFile; fileRef = F03F93B522C46C3D0084BFD2 /* GroupApi.swift */; };
		F03F93B822C46CB20084BFD2 /* Group.swift in Sources */ = {isa = PBXBuildFile; fileRef = F03F93B722C46CB20084BFD2 /* Group.swift */; };
		F03F93BA22C46D050084BFD2 /* Participant.swift in Sources */ = {isa = PBXBuildFile; fileRef = F03F93B922C46D050084BFD2 /* Participant.swift */; };
		F03F93BC22C46D840084BFD2 /* GroupRequest.swift in Sources */ = {isa = PBXBuildFile; fileRef = F03F93BB22C46D840084BFD2 /* GroupRequest.swift */; };
		F03F93BE22C4709C0084BFD2 /* GroupInfoOwnerViewController.swift in Sources */ = {isa = PBXBuildFile; fileRef = F03F93BD22C4709C0084BFD2 /* GroupInfoOwnerViewController.swift */; };
/* End PBXBuildFile section */

/* Begin PBXFileReference section */
		40B88256ADF993D14E82587A /* Pods-iRumi.debug.xcconfig */ = {isa = PBXFileReference; includeInIndex = 1; lastKnownFileType = text.xcconfig; name = "Pods-iRumi.debug.xcconfig"; path = "Target Support Files/Pods-iRumi/Pods-iRumi.debug.xcconfig"; sourceTree = "<group>"; };
		6253C2DD3C49C9E0195F3802 /* Pods-iRumi.release.xcconfig */ = {isa = PBXFileReference; includeInIndex = 1; lastKnownFileType = text.xcconfig; name = "Pods-iRumi.release.xcconfig"; path = "Target Support Files/Pods-iRumi/Pods-iRumi.release.xcconfig"; sourceTree = "<group>"; };
		BE5786A1975F96A6E1A60BDC /* Pods_iRumi.framework */ = {isa = PBXFileReference; explicitFileType = wrapper.framework; includeInIndex = 0; path = Pods_iRumi.framework; sourceTree = BUILT_PRODUCTS_DIR; };
		F034B30122C030480044951F /* iRumi.app */ = {isa = PBXFileReference; explicitFileType = wrapper.application; includeInIndex = 0; path = iRumi.app; sourceTree = BUILT_PRODUCTS_DIR; };
		F034B30422C030480044951F /* AppDelegate.swift */ = {isa = PBXFileReference; lastKnownFileType = sourcecode.swift; path = AppDelegate.swift; sourceTree = "<group>"; };
		F034B30622C030480044951F /* ViewController.swift */ = {isa = PBXFileReference; lastKnownFileType = sourcecode.swift; path = ViewController.swift; sourceTree = "<group>"; };
		F034B30922C030480044951F /* Base */ = {isa = PBXFileReference; lastKnownFileType = file.storyboard; name = Base; path = Base.lproj/Main.storyboard; sourceTree = "<group>"; };
		F034B30B22C030490044951F /* Assets.xcassets */ = {isa = PBXFileReference; lastKnownFileType = folder.assetcatalog; path = Assets.xcassets; sourceTree = "<group>"; };
		F034B30E22C030490044951F /* Base */ = {isa = PBXFileReference; lastKnownFileType = file.storyboard; name = Base; path = Base.lproj/LaunchScreen.storyboard; sourceTree = "<group>"; };
		F034B31022C030490044951F /* Info.plist */ = {isa = PBXFileReference; lastKnownFileType = text.plist.xml; path = Info.plist; sourceTree = "<group>"; };
		F034B31C22C03E300044951F /* Roomer.storyboard */ = {isa = PBXFileReference; lastKnownFileType = file.storyboard; path = Roomer.storyboard; sourceTree = "<group>"; };
		F034B31E22C03E630044951F /* Owner.storyboard */ = {isa = PBXFileReference; lastKnownFileType = file.storyboard; path = Owner.storyboard; sourceTree = "<group>"; };
		F03F939222C3EDDE0084BFD2 /* GenericPicker.swift */ = {isa = PBXFileReference; lastKnownFileType = sourcecode.swift; path = GenericPicker.swift; sourceTree = "<group>"; };
		F03F939622C3EF370084BFD2 /* SignUpViewController.swift */ = {isa = PBXFileReference; lastKnownFileType = sourcecode.swift; path = SignUpViewController.swift; sourceTree = "<group>"; };
		F03F939822C3EF660084BFD2 /* ChooseRoleViewController.swift */ = {isa = PBXFileReference; lastKnownFileType = sourcecode.swift; path = ChooseRoleViewController.swift; sourceTree = "<group>"; };
		F03F939B22C451910084BFD2 /* AccountApi.swift */ = {isa = PBXFileReference; lastKnownFileType = sourcecode.swift; path = AccountApi.swift; sourceTree = "<group>"; };
		F03F939F22C453880084BFD2 /* LoginRequest.swift */ = {isa = PBXFileReference; lastKnownFileType = sourcecode.swift; path = LoginRequest.swift; sourceTree = "<group>"; };
		F03F93A122C453BE0084BFD2 /* RegisterRequest.swift */ = {isa = PBXFileReference; lastKnownFileType = sourcecode.swift; path = RegisterRequest.swift; sourceTree = "<group>"; };
		F03F93A322C453FE0084BFD2 /* LoginResponse.swift */ = {isa = PBXFileReference; lastKnownFileType = sourcecode.swift; path = LoginResponse.swift; sourceTree = "<group>"; };
		F03F93A522C454860084BFD2 /* Profile.swift */ = {isa = PBXFileReference; lastKnownFileType = sourcecode.swift; path = Profile.swift; sourceTree = "<group>"; };
		F03F93A722C454CD0084BFD2 /* RegisterResponse.swift */ = {isa = PBXFileReference; lastKnownFileType = sourcecode.swift; path = RegisterResponse.swift; sourceTree = "<group>"; };
		F03F93AB22C4583B0084BFD2 /* TabBarOwnerViewController.swift */ = {isa = PBXFileReference; lastKnownFileType = sourcecode.swift; path = TabBarOwnerViewController.swift; sourceTree = "<group>"; };
		F03F93AD22C4584F0084BFD2 /* TabBarRoomerViewController.swift */ = {isa = PBXFileReference; lastKnownFileType = sourcecode.swift; path = TabBarRoomerViewController.swift; sourceTree = "<group>"; };
		F03F93AF22C464CD0084BFD2 /* DefaultKeys.swift */ = {isa = PBXFileReference; lastKnownFileType = sourcecode.swift; path = DefaultKeys.swift; sourceTree = "<group>"; };
		F03F93B122C466250084BFD2 /* GroupsOwnerViewController.swift */ = {isa = PBXFileReference; lastKnownFileType = sourcecode.swift; path = GroupsOwnerViewController.swift; sourceTree = "<group>"; };
		F03F93B322C467780084BFD2 /* GroupsCollectionViewCell.swift */ = {isa = PBXFileReference; lastKnownFileType = sourcecode.swift; path = GroupsCollectionViewCell.swift; sourceTree = "<group>"; };
		F03F93B522C46C3D0084BFD2 /* GroupApi.swift */ = {isa = PBXFileReference; lastKnownFileType = sourcecode.swift; path = GroupApi.swift; sourceTree = "<group>"; };
		F03F93B722C46CB20084BFD2 /* Group.swift */ = {isa = PBXFileReference; lastKnownFileType = sourcecode.swift; path = Group.swift; sourceTree = "<group>"; };
		F03F93B922C46D050084BFD2 /* Participant.swift */ = {isa = PBXFileReference; lastKnownFileType = sourcecode.swift; path = Participant.swift; sourceTree = "<group>"; };
		F03F93BB22C46D840084BFD2 /* GroupRequest.swift */ = {isa = PBXFileReference; lastKnownFileType = sourcecode.swift; path = GroupRequest.swift; sourceTree = "<group>"; };
		F03F93BD22C4709C0084BFD2 /* GroupInfoOwnerViewController.swift */ = {isa = PBXFileReference; lastKnownFileType = sourcecode.swift; path = GroupInfoOwnerViewController.swift; sourceTree = "<group>"; };
/* End PBXFileReference section */

/* Begin PBXFrameworksBuildPhase section */
		F034B2FE22C030480044951F /* Frameworks */ = {
			isa = PBXFrameworksBuildPhase;
			buildActionMask = 2147483647;
			files = (
				00D77E6175D5CF704A6E1980 /* Pods_iRumi.framework in Frameworks */,
			);
			runOnlyForDeploymentPostprocessing = 0;
		};
/* End PBXFrameworksBuildPhase section */

/* Begin PBXGroup section */
		6CBB298A730DB22936B78B0E /* Frameworks */ = {
			isa = PBXGroup;
			children = (
				BE5786A1975F96A6E1A60BDC /* Pods_iRumi.framework */,
			);
			name = Frameworks;
			sourceTree = "<group>";
		};
		F034B2F822C030480044951F = {
			isa = PBXGroup;
			children = (
				F034B30322C030480044951F /* iRumi */,
				F034B30222C030480044951F /* Products */,
				F7A04FBEFBF32463A633E1A4 /* Pods */,
				6CBB298A730DB22936B78B0E /* Frameworks */,
			);
			sourceTree = "<group>";
		};
		F034B30222C030480044951F /* Products */ = {
			isa = PBXGroup;
			children = (
				F034B30122C030480044951F /* iRumi.app */,
			);
			name = Products;
			sourceTree = "<group>";
		};
		F034B30322C030480044951F /* iRumi */ = {
			isa = PBXGroup;
			children = (
				F03F939122C3ED3B0084BFD2 /* Utils */,
				F034B31B22C03D700044951F /* Resources */,
				F034B31822C03B5C0044951F /* Network */,
				F034B31722C039670044951F /* Main */,
				F034B31622C038930044951F /* ViewController */,
				F034B31922C03BC90044951F /* Models */,
				F034B31022C030490044951F /* Info.plist */,
			);
			path = iRumi;
			sourceTree = "<group>";
		};
		F034B31622C038930044951F /* ViewController */ = {
			isa = PBXGroup;
			children = (
				F03F93AA22C4574D0084BFD2 /* Owner */,
				F03F93A922C457280084BFD2 /* Roomer */,
				F03F939422C3EF0B0084BFD2 /* Account */,
				F034B30622C030480044951F /* ViewController.swift */,
			);
			path = ViewController;
			sourceTree = "<group>";
		};
		F034B31722C039670044951F /* Main */ = {
			isa = PBXGroup;
			children = (
				F034B30422C030480044951F /* AppDelegate.swift */,
			);
			path = Main;
			sourceTree = "<group>";
		};
		F034B31822C03B5C0044951F /* Network */ = {
			isa = PBXGroup;
			children = (
				F03F939E22C451F00084BFD2 /* Response */,
				F03F939D22C451EA0084BFD2 /* Request */,
				F03F939B22C451910084BFD2 /* AccountApi.swift */,
				F03F93B522C46C3D0084BFD2 /* GroupApi.swift */,
			);
			path = Network;
			sourceTree = "<group>";
		};
		F034B31922C03BC90044951F /* Models */ = {
			isa = PBXGroup;
			children = (
				F03F93A522C454860084BFD2 /* Profile.swift */,
				F03F93B722C46CB20084BFD2 /* Group.swift */,
				F03F93B922C46D050084BFD2 /* Participant.swift */,
			);
			path = Models;
			sourceTree = "<group>";
		};
		F034B31B22C03D700044951F /* Resources */ = {
			isa = PBXGroup;
			children = (
				F034B30822C030480044951F /* Main.storyboard */,
				F034B30B22C030490044951F /* Assets.xcassets */,
				F034B30D22C030490044951F /* LaunchScreen.storyboard */,
				F034B31C22C03E300044951F /* Roomer.storyboard */,
				F034B31E22C03E630044951F /* Owner.storyboard */,
			);
			path = Resources;
			sourceTree = "<group>";
		};
		F03F939122C3ED3B0084BFD2 /* Utils */ = {
			isa = PBXGroup;
			children = (
				F03F939222C3EDDE0084BFD2 /* GenericPicker.swift */,
				F03F93AF22C464CD0084BFD2 /* DefaultKeys.swift */,
			);
			path = Utils;
			sourceTree = "<group>";
		};
		F03F939422C3EF0B0084BFD2 /* Account */ = {
			isa = PBXGroup;
			children = (
				F03F939622C3EF370084BFD2 /* SignUpViewController.swift */,
				F03F939822C3EF660084BFD2 /* ChooseRoleViewController.swift */,
			);
			path = Account;
			sourceTree = "<group>";
		};
		F03F939D22C451EA0084BFD2 /* Request */ = {
			isa = PBXGroup;
			children = (
				F03F939F22C453880084BFD2 /* LoginRequest.swift */,
				F03F93A122C453BE0084BFD2 /* RegisterRequest.swift */,
				F03F93BB22C46D840084BFD2 /* GroupRequest.swift */,
			);
			path = Request;
			sourceTree = "<group>";
		};
		F03F939E22C451F00084BFD2 /* Response */ = {
			isa = PBXGroup;
			children = (
				F03F93A322C453FE0084BFD2 /* LoginResponse.swift */,
				F03F93A722C454CD0084BFD2 /* RegisterResponse.swift */,
			);
			path = Response;
			sourceTree = "<group>";
		};
		F03F93A922C457280084BFD2 /* Roomer */ = {
			isa = PBXGroup;
			children = (
				F03F93AD22C4584F0084BFD2 /* TabBarRoomerViewController.swift */,
			);
			path = Roomer;
			sourceTree = "<group>";
		};
		F03F93AA22C4574D0084BFD2 /* Owner */ = {
			isa = PBXGroup;
			children = (
				F03F93AB22C4583B0084BFD2 /* TabBarOwnerViewController.swift */,
				F03F93B122C466250084BFD2 /* GroupsOwnerViewController.swift */,
				F03F93B322C467780084BFD2 /* GroupsCollectionViewCell.swift */,
				F03F93BD22C4709C0084BFD2 /* GroupInfoOwnerViewController.swift */,
			);
			path = Owner;
			sourceTree = "<group>";
		};
		F7A04FBEFBF32463A633E1A4 /* Pods */ = {
			isa = PBXGroup;
			children = (
				40B88256ADF993D14E82587A /* Pods-iRumi.debug.xcconfig */,
				6253C2DD3C49C9E0195F3802 /* Pods-iRumi.release.xcconfig */,
			);
			path = Pods;
			sourceTree = "<group>";
		};
/* End PBXGroup section */

/* Begin PBXNativeTarget section */
		F034B30022C030480044951F /* iRumi */ = {
			isa = PBXNativeTarget;
			buildConfigurationList = F034B31322C030490044951F /* Build configuration list for PBXNativeTarget "iRumi" */;
			buildPhases = (
				F3B1C56EAB2C8AAC81924DAF /* [CP] Check Pods Manifest.lock */,
				F034B2FD22C030480044951F /* Sources */,
				F034B2FE22C030480044951F /* Frameworks */,
				F034B2FF22C030480044951F /* Resources */,
				768AD7EE17EB09A00B8F247D /* [CP] Embed Pods Frameworks */,
			);
			buildRules = (
			);
			dependencies = (
			);
			name = iRumi;
			productName = iRumi;
			productReference = F034B30122C030480044951F /* iRumi.app */;
			productType = "com.apple.product-type.application";
		};
/* End PBXNativeTarget section */

/* Begin PBXProject section */
		F034B2F922C030480044951F /* Project object */ = {
			isa = PBXProject;
			attributes = {
				LastSwiftUpdateCheck = 1020;
				LastUpgradeCheck = 1020;
				ORGANIZATIONNAME = "Israel Matias";
				TargetAttributes = {
					F034B30022C030480044951F = {
						CreatedOnToolsVersion = 10.2.1;
					};
				};
			};
			buildConfigurationList = F034B2FC22C030480044951F /* Build configuration list for PBXProject "iRumi" */;
			compatibilityVersion = "Xcode 9.3";
			developmentRegion = en;
			hasScannedForEncodings = 0;
			knownRegions = (
				en,
				Base,
			);
			mainGroup = F034B2F822C030480044951F;
			productRefGroup = F034B30222C030480044951F /* Products */;
			projectDirPath = "";
			projectRoot = "";
			targets = (
				F034B30022C030480044951F /* iRumi */,
			);
		};
/* End PBXProject section */

/* Begin PBXResourcesBuildPhase section */
		F034B2FF22C030480044951F /* Resources */ = {
			isa = PBXResourcesBuildPhase;
			buildActionMask = 2147483647;
			files = (
				F034B31D22C03E300044951F /* Roomer.storyboard in Resources */,
				F034B30F22C030490044951F /* LaunchScreen.storyboard in Resources */,
				F034B30C22C030490044951F /* Assets.xcassets in Resources */,
				F034B30A22C030480044951F /* Main.storyboard in Resources */,
				F034B31F22C03E630044951F /* Owner.storyboard in Resources */,
			);
			runOnlyForDeploymentPostprocessing = 0;
		};
/* End PBXResourcesBuildPhase section */

/* Begin PBXShellScriptBuildPhase section */
		768AD7EE17EB09A00B8F247D /* [CP] Embed Pods Frameworks */ = {
			isa = PBXShellScriptBuildPhase;
			buildActionMask = 2147483647;
			files = (
			);
			inputFileListPaths = (
			);
			inputPaths = (
				"${PODS_ROOT}/Target Support Files/Pods-iRumi/Pods-iRumi-frameworks.sh",
				"${BUILT_PRODUCTS_DIR}/Alamofire/Alamofire.framework",
				"${BUILT_PRODUCTS_DIR}/IQKeyboardManagerSwift/IQKeyboardManagerSwift.framework",
			);
			name = "[CP] Embed Pods Frameworks";
			outputFileListPaths = (
			);
			outputPaths = (
				"${TARGET_BUILD_DIR}/${FRAMEWORKS_FOLDER_PATH}/Alamofire.framework",
				"${TARGET_BUILD_DIR}/${FRAMEWORKS_FOLDER_PATH}/IQKeyboardManagerSwift.framework",
			);
			runOnlyForDeploymentPostprocessing = 0;
			shellPath = /bin/sh;
			shellScript = "\"${PODS_ROOT}/Target Support Files/Pods-iRumi/Pods-iRumi-frameworks.sh\"\n";
			showEnvVarsInLog = 0;
		};
		F3B1C56EAB2C8AAC81924DAF /* [CP] Check Pods Manifest.lock */ = {
			isa = PBXShellScriptBuildPhase;
			buildActionMask = 2147483647;
			files = (
			);
			inputFileListPaths = (
			);
			inputPaths = (
				"${PODS_PODFILE_DIR_PATH}/Podfile.lock",
				"${PODS_ROOT}/Manifest.lock",
			);
			name = "[CP] Check Pods Manifest.lock";
			outputFileListPaths = (
			);
			outputPaths = (
				"$(DERIVED_FILE_DIR)/Pods-iRumi-checkManifestLockResult.txt",
			);
			runOnlyForDeploymentPostprocessing = 0;
			shellPath = /bin/sh;
			shellScript = "diff \"${PODS_PODFILE_DIR_PATH}/Podfile.lock\" \"${PODS_ROOT}/Manifest.lock\" > /dev/null\nif [ $? != 0 ] ; then\n    # print error to STDERR\n    echo \"error: The sandbox is not in sync with the Podfile.lock. Run 'pod install' or update your CocoaPods installation.\" >&2\n    exit 1\nfi\n# This output is used by Xcode 'outputs' to avoid re-running this script phase.\necho \"SUCCESS\" > \"${SCRIPT_OUTPUT_FILE_0}\"\n";
			showEnvVarsInLog = 0;
		};
/* End PBXShellScriptBuildPhase section */

/* Begin PBXSourcesBuildPhase section */
		F034B2FD22C030480044951F /* Sources */ = {
			isa = PBXSourcesBuildPhase;
			buildActionMask = 2147483647;
			files = (
				F03F93B422C467780084BFD2 /* GroupsCollectionViewCell.swift in Sources */,
				F03F93AE22C4584F0084BFD2 /* TabBarRoomerViewController.swift in Sources */,
				F03F93B022C464CD0084BFD2 /* DefaultKeys.swift in Sources */,
				F034B30722C030480044951F /* ViewController.swift in Sources */,
				F03F93A822C454CD0084BFD2 /* RegisterResponse.swift in Sources */,
				F03F93BA22C46D050084BFD2 /* Participant.swift in Sources */,
				F03F93A622C454860084BFD2 /* Profile.swift in Sources */,
				F03F93BC22C46D840084BFD2 /* GroupRequest.swift in Sources */,
				F03F939322C3EDDE0084BFD2 /* GenericPicker.swift in Sources */,
				F03F93BE22C4709C0084BFD2 /* GroupInfoOwnerViewController.swift in Sources */,
				F03F93AC22C4583B0084BFD2 /* TabBarOwnerViewController.swift in Sources */,
				F03F93A422C453FE0084BFD2 /* LoginResponse.swift in Sources */,
				F03F93B822C46CB20084BFD2 /* Group.swift in Sources */,
				F03F939722C3EF370084BFD2 /* SignUpViewController.swift in Sources */,
				F03F93B222C466250084BFD2 /* GroupsOwnerViewController.swift in Sources */,
				F03F939922C3EF660084BFD2 /* ChooseRoleViewController.swift in Sources */,
				F03F939C22C451910084BFD2 /* AccountApi.swift in Sources */,
				F03F93A022C453880084BFD2 /* LoginRequest.swift in Sources */,
				F03F93A222C453BE0084BFD2 /* RegisterRequest.swift in Sources */,
				F03F93B622C46C3D0084BFD2 /* GroupApi.swift in Sources */,
				F034B30522C030480044951F /* AppDelegate.swift in Sources */,
			);
			runOnlyForDeploymentPostprocessing = 0;
		};
/* End PBXSourcesBuildPhase section */

/* Begin PBXVariantGroup section */
		F034B30822C030480044951F /* Main.storyboard */ = {
			isa = PBXVariantGroup;
			children = (
				F034B30922C030480044951F /* Base */,
			);
			name = Main.storyboard;
			sourceTree = "<group>";
		};
		F034B30D22C030490044951F /* LaunchScreen.storyboard */ = {
			isa = PBXVariantGroup;
			children = (
				F034B30E22C030490044951F /* Base */,
			);
			name = LaunchScreen.storyboard;
			sourceTree = "<group>";
		};
/* End PBXVariantGroup section */

/* Begin XCBuildConfiguration section */
		F034B31122C030490044951F /* Debug */ = {
			isa = XCBuildConfiguration;
			buildSettings = {
				ALWAYS_SEARCH_USER_PATHS = NO;
				CLANG_ANALYZER_NONNULL = YES;
				CLANG_ANALYZER_NUMBER_OBJECT_CONVERSION = YES_AGGRESSIVE;
				CLANG_CXX_LANGUAGE_STANDARD = "gnu++14";
				CLANG_CXX_LIBRARY = "libc++";
				CLANG_ENABLE_MODULES = YES;
				CLANG_ENABLE_OBJC_ARC = YES;
				CLANG_ENABLE_OBJC_WEAK = YES;
				CLANG_WARN_BLOCK_CAPTURE_AUTORELEASING = YES;
				CLANG_WARN_BOOL_CONVERSION = YES;
				CLANG_WARN_COMMA = YES;
				CLANG_WARN_CONSTANT_CONVERSION = YES;
				CLANG_WARN_DEPRECATED_OBJC_IMPLEMENTATIONS = YES;
				CLANG_WARN_DIRECT_OBJC_ISA_USAGE = YES_ERROR;
				CLANG_WARN_DOCUMENTATION_COMMENTS = YES;
				CLANG_WARN_EMPTY_BODY = YES;
				CLANG_WARN_ENUM_CONVERSION = YES;
				CLANG_WARN_INFINITE_RECURSION = YES;
				CLANG_WARN_INT_CONVERSION = YES;
				CLANG_WARN_NON_LITERAL_NULL_CONVERSION = YES;
				CLANG_WARN_OBJC_IMPLICIT_RETAIN_SELF = YES;
				CLANG_WARN_OBJC_LITERAL_CONVERSION = YES;
				CLANG_WARN_OBJC_ROOT_CLASS = YES_ERROR;
				CLANG_WARN_RANGE_LOOP_ANALYSIS = YES;
				CLANG_WARN_STRICT_PROTOTYPES = YES;
				CLANG_WARN_SUSPICIOUS_MOVE = YES;
				CLANG_WARN_UNGUARDED_AVAILABILITY = YES_AGGRESSIVE;
				CLANG_WARN_UNREACHABLE_CODE = YES;
				CLANG_WARN__DUPLICATE_METHOD_MATCH = YES;
				CODE_SIGN_IDENTITY = "iPhone Developer";
				COPY_PHASE_STRIP = NO;
				DEBUG_INFORMATION_FORMAT = dwarf;
				ENABLE_STRICT_OBJC_MSGSEND = YES;
				ENABLE_TESTABILITY = YES;
				GCC_C_LANGUAGE_STANDARD = gnu11;
				GCC_DYNAMIC_NO_PIC = NO;
				GCC_NO_COMMON_BLOCKS = YES;
				GCC_OPTIMIZATION_LEVEL = 0;
				GCC_PREPROCESSOR_DEFINITIONS = (
					"DEBUG=1",
					"$(inherited)",
				);
				GCC_WARN_64_TO_32_BIT_CONVERSION = YES;
				GCC_WARN_ABOUT_RETURN_TYPE = YES_ERROR;
				GCC_WARN_UNDECLARED_SELECTOR = YES;
				GCC_WARN_UNINITIALIZED_AUTOS = YES_AGGRESSIVE;
				GCC_WARN_UNUSED_FUNCTION = YES;
				GCC_WARN_UNUSED_VARIABLE = YES;
				IPHONEOS_DEPLOYMENT_TARGET = 12.2;
				MTL_ENABLE_DEBUG_INFO = INCLUDE_SOURCE;
				MTL_FAST_MATH = YES;
				ONLY_ACTIVE_ARCH = YES;
				SDKROOT = iphoneos;
				SWIFT_ACTIVE_COMPILATION_CONDITIONS = DEBUG;
				SWIFT_OPTIMIZATION_LEVEL = "-Onone";
			};
			name = Debug;
		};
		F034B31222C030490044951F /* Release */ = {
			isa = XCBuildConfiguration;
			buildSettings = {
				ALWAYS_SEARCH_USER_PATHS = NO;
				CLANG_ANALYZER_NONNULL = YES;
				CLANG_ANALYZER_NUMBER_OBJECT_CONVERSION = YES_AGGRESSIVE;
				CLANG_CXX_LANGUAGE_STANDARD = "gnu++14";
				CLANG_CXX_LIBRARY = "libc++";
				CLANG_ENABLE_MODULES = YES;
				CLANG_ENABLE_OBJC_ARC = YES;
				CLANG_ENABLE_OBJC_WEAK = YES;
				CLANG_WARN_BLOCK_CAPTURE_AUTORELEASING = YES;
				CLANG_WARN_BOOL_CONVERSION = YES;
				CLANG_WARN_COMMA = YES;
				CLANG_WARN_CONSTANT_CONVERSION = YES;
				CLANG_WARN_DEPRECATED_OBJC_IMPLEMENTATIONS = YES;
				CLANG_WARN_DIRECT_OBJC_ISA_USAGE = YES_ERROR;
				CLANG_WARN_DOCUMENTATION_COMMENTS = YES;
				CLANG_WARN_EMPTY_BODY = YES;
				CLANG_WARN_ENUM_CONVERSION = YES;
				CLANG_WARN_INFINITE_RECURSION = YES;
				CLANG_WARN_INT_CONVERSION = YES;
				CLANG_WARN_NON_LITERAL_NULL_CONVERSION = YES;
				CLANG_WARN_OBJC_IMPLICIT_RETAIN_SELF = YES;
				CLANG_WARN_OBJC_LITERAL_CONVERSION = YES;
				CLANG_WARN_OBJC_ROOT_CLASS = YES_ERROR;
				CLANG_WARN_RANGE_LOOP_ANALYSIS = YES;
				CLANG_WARN_STRICT_PROTOTYPES = YES;
				CLANG_WARN_SUSPICIOUS_MOVE = YES;
				CLANG_WARN_UNGUARDED_AVAILABILITY = YES_AGGRESSIVE;
				CLANG_WARN_UNREACHABLE_CODE = YES;
				CLANG_WARN__DUPLICATE_METHOD_MATCH = YES;
				CODE_SIGN_IDENTITY = "iPhone Developer";
				COPY_PHASE_STRIP = NO;
				DEBUG_INFORMATION_FORMAT = "dwarf-with-dsym";
				ENABLE_NS_ASSERTIONS = NO;
				ENABLE_STRICT_OBJC_MSGSEND = YES;
				GCC_C_LANGUAGE_STANDARD = gnu11;
				GCC_NO_COMMON_BLOCKS = YES;
				GCC_WARN_64_TO_32_BIT_CONVERSION = YES;
				GCC_WARN_ABOUT_RETURN_TYPE = YES_ERROR;
				GCC_WARN_UNDECLARED_SELECTOR = YES;
				GCC_WARN_UNINITIALIZED_AUTOS = YES_AGGRESSIVE;
				GCC_WARN_UNUSED_FUNCTION = YES;
				GCC_WARN_UNUSED_VARIABLE = YES;
				IPHONEOS_DEPLOYMENT_TARGET = 12.2;
				MTL_ENABLE_DEBUG_INFO = NO;
				MTL_FAST_MATH = YES;
				SDKROOT = iphoneos;
				SWIFT_COMPILATION_MODE = wholemodule;
				SWIFT_OPTIMIZATION_LEVEL = "-O";
				VALIDATE_PRODUCT = YES;
			};
			name = Release;
		};
		F034B31422C030490044951F /* Debug */ = {
			isa = XCBuildConfiguration;
			baseConfigurationReference = 40B88256ADF993D14E82587A /* Pods-iRumi.debug.xcconfig */;
			buildSettings = {
				ASSETCATALOG_COMPILER_APPICON_NAME = AppIcon;
				CODE_SIGN_STYLE = Automatic;
				DEVELOPMENT_TEAM = PN83CAA4H3;
				INFOPLIST_FILE = iRumi/Info.plist;
				LD_RUNPATH_SEARCH_PATHS = (
					"$(inherited)",
					"@executable_path/Frameworks",
				);
				PRODUCT_BUNDLE_IDENTIFIER = pe.inventamos.com.iRumi;
				PRODUCT_NAME = "$(TARGET_NAME)";
				SWIFT_VERSION = 5.0;
				TARGETED_DEVICE_FAMILY = "1,2";
			};
			name = Debug;
		};
		F034B31522C030490044951F /* Release */ = {
			isa = XCBuildConfiguration;
			baseConfigurationReference = 6253C2DD3C49C9E0195F3802 /* Pods-iRumi.release.xcconfig */;
			buildSettings = {
				ASSETCATALOG_COMPILER_APPICON_NAME = AppIcon;
				CODE_SIGN_STYLE = Automatic;
				DEVELOPMENT_TEAM = PN83CAA4H3;
				INFOPLIST_FILE = iRumi/Info.plist;
				LD_RUNPATH_SEARCH_PATHS = (
					"$(inherited)",
					"@executable_path/Frameworks",
				);
				PRODUCT_BUNDLE_IDENTIFIER = pe.inventamos.com.iRumi;
				PRODUCT_NAME = "$(TARGET_NAME)";
				SWIFT_VERSION = 5.0;
				TARGETED_DEVICE_FAMILY = "1,2";
			};
			name = Release;
		};
/* End XCBuildConfiguration section */

/* Begin XCConfigurationList section */
		F034B2FC22C030480044951F /* Build configuration list for PBXProject "iRumi" */ = {
			isa = XCConfigurationList;
			buildConfigurations = (
				F034B31122C030490044951F /* Debug */,
				F034B31222C030490044951F /* Release */,
			);
			defaultConfigurationIsVisible = 0;
			defaultConfigurationName = Release;
		};
		F034B31322C030490044951F /* Build configuration list for PBXNativeTarget "iRumi" */ = {
			isa = XCConfigurationList;
			buildConfigurations = (
				F034B31422C030490044951F /* Debug */,
				F034B31522C030490044951F /* Release */,
			);
			defaultConfigurationIsVisible = 0;
			defaultConfigurationName = Release;
		};
/* End XCConfigurationList section */
	};
	rootObject = F034B2F922C030480044951F /* Project object */;
}
